<Solution>
  <Folder Name="/src/">
    <Project Path="src/Amr.Communication/Amr.Communication.csproj" />
    <Project Path="src/Amr.Communication.Console/Amr.Communication.Console.csproj" />
  </Folder>
  <Folder Name="/tests/">
    <Project Path="tests/Amr.Communication.Tests/Amr.Communication.Tests.csproj" />
  </Folder>
</Solution>
